Microsoft Visual Studio Solution File, Format Version 11.00
# Visual Studio 2010
Project("{FAE04EC0-301F-11D3-BF4B-00C04F79EFBC}") = "Eml", "Eml.csproj", "{6A349EFC-48BF-42A6-9207-E6738B4E54CE}"
EndProject
Global
	GlobalSection(SolutionConfigurationPlatforms) = preSolution
		Debug|Any CPU = Debug|Any CPU
		Release|Any CPU = Release|Any CPU
	EndGlobalSection
	GlobalSection(ProjectConfigurationPlatforms) = postSolution
		{6A349EFC-48BF-42A6-9207-E6738B4E54CE}.Debug|Any CPU.ActiveCfg = Debug|Any CPU
		{6A349EFC-48BF-42A6-9207-E6738B4E54CE}.Debug|Any CPU.Build.0 = Debug|Any CPU
		{6A349EFC-48BF-42A6-9207-E6738B4E54CE}.Release|Any CPU.ActiveCfg = Release|Any CPU
		{6A349EFC-48BF-42A6-9207-E6738B4E54CE}.Release|Any CPU.Build.0 = Release|Any CPU
	EndGlobalSection
	GlobalSection(SolutionProperties) = preSolution
		HideSolutionNode = FALSE
	EndGlobalSection
EndGlobal
